
Microsoft Visual Studio Solution File, Format Version 12.00
# Visual Studio Version 17
VisualStudioVersion = 17.7.34018.315
MinimumVisualStudioVersion = 10.0.40219.1
Project("{FAE04EC0-301F-11D3-BF4B-00C04F79EFBC}") = "assign3", "assign3\assign3.csproj", "{A6A6E307-6830-422B-BABC-0523AB9DF3F1}"
EndProject
Global
	GlobalSection(SolutionConfigurationPlatforms) = preSolution
		Debug|Any CPU = Debug|Any CPU
		Release|Any CPU = Release|Any CPU
	EndGlobalSection
	GlobalSection(ProjectConfigurationPlatforms) = postSolution
		{A6A6E307-6830-422B-BABC-0523AB9DF3F1}.Debug|Any CPU.ActiveCfg = Debug|Any CPU
		{A6A6E307-6830-422B-BABC-0523AB9DF3F1}.Debug|Any CPU.Build.0 = Debug|Any CPU
		{A6A6E307-6830-422B-BABC-0523AB9DF3F1}.Release|Any CPU.ActiveCfg = Release|Any CPU
		{A6A6E307-6830-422B-BABC-0523AB9DF3F1}.Release|Any CPU.Build.0 = Release|Any CPU
	EndGlobalSection
	GlobalSection(SolutionProperties) = preSolution
		HideSolutionNode = FALSE
	EndGlobalSection
	GlobalSection(ExtensibilityGlobals) = postSolution
		SolutionGuid = {6C3781DD-78EC-4A97-83D7-311ED91A80EE}
	EndGlobalSection
EndGlobal
